
Microsoft Visual Studio Solution File, Format Version 12.00
# Visual Studio Version 16
VisualStudioVersion = 16.0.30907.101
MinimumVisualStudioVersion = 10.0.40219.1
Project("{FAE04EC0-301F-11D3-BF4B-00C04F79EFBC}") = "HospitalApp", "HospitalApp\HospitalApp.csproj", "{B5228CA8-EE88-451E-8892-FE398F2FFAC7}"
EndProject
Global
	GlobalSection(SolutionConfigurationPlatforms) = preSolution
		Debug|Any CPU = Debug|Any CPU
		Release|Any CPU = Release|Any CPU
	EndGlobalSection
	GlobalSection(ProjectConfigurationPlatforms) = postSolution
		{B5228CA8-EE88-451E-8892-FE398F2FFAC7}.Debug|Any CPU.ActiveCfg = Debug|Any CPU
		{B5228CA8-EE88-451E-8892-FE398F2FFAC7}.Debug|Any CPU.Build.0 = Debug|Any CPU
		{B5228CA8-EE88-451E-8892-FE398F2FFAC7}.Release|Any CPU.ActiveCfg = Release|Any CPU
		{B5228CA8-EE88-451E-8892-FE398F2FFAC7}.Release|Any CPU.Build.0 = Release|Any CPU
	EndGlobalSection
	GlobalSection(SolutionProperties) = preSolution
		HideSolutionNode = FALSE
	EndGlobalSection
	GlobalSection(ExtensibilityGlobals) = postSolution
		SolutionGuid = {3F08A0CE-51AD-4DFC-B32C-E2E9E99856D8}
	EndGlobalSection
EndGlobal
